
Microsoft Visual Studio Solution File, Format Version 12.00
# Visual Studio Version 17
VisualStudioVersion = 17.9.34616.47
MinimumVisualStudioVersion = 10.0.40219.1
Project("{9A19103F-16F7-4668-BE54-9A1E7A4F7556}") = "SignalR.App", "SignalR.App\SignalR.App.csproj", "{75AAE03D-5A11-4466-BF9A-E226AE12D8D3}"
EndProject
Project("{9A19103F-16F7-4668-BE54-9A1E7A4F7556}") = "SignalR.Service", "SignalR.Service\SignalR.Service.csproj", "{AFBBAB63-63A3-42FB-AA9F-7B20CF257568}"
EndProject
Project("{FAE04EC0-301F-11D3-BF4B-00C04F79EFBC}") = "SignalR.Infrastructure", "SignalR.Infrastructure\SignalR.Infrastructure.csproj", "{56909756-5A52-4CBE-B38C-9E3F756DFCBF}"
EndProject
Project("{FAE04EC0-301F-11D3-BF4B-00C04F79EFBC}") = "SignalR.DataEntities", "SignalR.DataEntities\SignalR.DataEntities.csproj", "{C9B3C1FD-CBA2-4912-94AC-6B1D3C6DCF8E}"
EndProject
Global
	GlobalSection(SolutionConfigurationPlatforms) = preSolution
		Debug|Any CPU = Debug|Any CPU
		Release|Any CPU = Release|Any CPU
	EndGlobalSection
	GlobalSection(ProjectConfigurationPlatforms) = postSolution
		{75AAE03D-5A11-4466-BF9A-E226AE12D8D3}.Debug|Any CPU.ActiveCfg = Debug|Any CPU
		{75AAE03D-5A11-4466-BF9A-E226AE12D8D3}.Debug|Any CPU.Build.0 = Debug|Any CPU
		{75AAE03D-5A11-4466-BF9A-E226AE12D8D3}.Release|Any CPU.ActiveCfg = Release|Any CPU
		{75AAE03D-5A11-4466-BF9A-E226AE12D8D3}.Release|Any CPU.Build.0 = Release|Any CPU
		{AFBBAB63-63A3-42FB-AA9F-7B20CF257568}.Debug|Any CPU.ActiveCfg = Debug|Any CPU
		{AFBBAB63-63A3-42FB-AA9F-7B20CF257568}.Debug|Any CPU.Build.0 = Debug|Any CPU
		{AFBBAB63-63A3-42FB-AA9F-7B20CF257568}.Release|Any CPU.ActiveCfg = Release|Any CPU
		{AFBBAB63-63A3-42FB-AA9F-7B20CF257568}.Release|Any CPU.Build.0 = Release|Any CPU
		{56909756-5A52-4CBE-B38C-9E3F756DFCBF}.Debug|Any CPU.ActiveCfg = Debug|Any CPU
		{56909756-5A52-4CBE-B38C-9E3F756DFCBF}.Debug|Any CPU.Build.0 = Debug|Any CPU
		{56909756-5A52-4CBE-B38C-9E3F756DFCBF}.Release|Any CPU.ActiveCfg = Release|Any CPU
		{56909756-5A52-4CBE-B38C-9E3F756DFCBF}.Release|Any CPU.Build.0 = Release|Any CPU
		{C9B3C1FD-CBA2-4912-94AC-6B1D3C6DCF8E}.Debug|Any CPU.ActiveCfg = Debug|Any CPU
		{C9B3C1FD-CBA2-4912-94AC-6B1D3C6DCF8E}.Debug|Any CPU.Build.0 = Debug|Any CPU
		{C9B3C1FD-CBA2-4912-94AC-6B1D3C6DCF8E}.Release|Any CPU.ActiveCfg = Release|Any CPU
		{C9B3C1FD-CBA2-4912-94AC-6B1D3C6DCF8E}.Release|Any CPU.Build.0 = Release|Any CPU
	EndGlobalSection
	GlobalSection(SolutionProperties) = preSolution
		HideSolutionNode = FALSE
	EndGlobalSection
	GlobalSection(ExtensibilityGlobals) = postSolution
		SolutionGuid = {0187FC97-43CF-4043-887D-0610FE24A299}
	EndGlobalSection
EndGlobal
